
Microsoft Visual Studio Solution File, Format Version 12.00
# Visual Studio Version 17
VisualStudioVersion = 17.4.33110.190
MinimumVisualStudioVersion = 10.0.40219.1
Project("{FAE04EC0-301F-11D3-BF4B-00C04F79EFBC}") = "greenatom", "greenatom\greenatom.csproj", "{A0878ED4-ED2A-47E0-A103-E7F5F7451831}"
EndProject
Global
	GlobalSection(SolutionConfigurationPlatforms) = preSolution
		Debug|Any CPU = Debug|Any CPU
		Release|Any CPU = Release|Any CPU
	EndGlobalSection
	GlobalSection(ProjectConfigurationPlatforms) = postSolution
		{A0878ED4-ED2A-47E0-A103-E7F5F7451831}.Debug|Any CPU.ActiveCfg = Debug|Any CPU
		{A0878ED4-ED2A-47E0-A103-E7F5F7451831}.Debug|Any CPU.Build.0 = Debug|Any CPU
		{A0878ED4-ED2A-47E0-A103-E7F5F7451831}.Release|Any CPU.ActiveCfg = Release|Any CPU
		{A0878ED4-ED2A-47E0-A103-E7F5F7451831}.Release|Any CPU.Build.0 = Release|Any CPU
	EndGlobalSection
	GlobalSection(SolutionProperties) = preSolution
		HideSolutionNode = FALSE
	EndGlobalSection
	GlobalSection(ExtensibilityGlobals) = postSolution
		SolutionGuid = {96656C10-B8CC-483B-9AB6-CAF11EE3F85C}
	EndGlobalSection
EndGlobal
